{
  "name": "rainwall",
  "lockfileVersion": 3,
  "requires": true,
  "packages": {
    "": {
      "dependencies": {
        "suncalc": "^2.0.0",
        "zx": "^8.8.5"
      }
    },
    "node_modules/suncalc": {
      "version": "2.0.0",
      "resolved": "https://registry.npmjs.org/suncalc/-/suncalc-2.0.0.tgz",
      "integrity": "sha512-RcO28GOMXNnB+sr+c7/+zv5UPMa9wxIsUVGE3HddjQykqCVEC2rc4t4IjBB7qaa7K7dx5Cxp8UZwexyXrX8JkA=="
    },
    "node_modules/zx": {
      "version": "8.8.5",
      "resolved": "https://registry.npmjs.org/zx/-/zx-8.8.5.tgz",
      "integrity": "sha512-SNgDF5L0gfN7FwVOdEFguY3orU5AkfFZm9B5YSHog/UDHv+lvmd82ZAsOenOkQixigwH2+yyH198AwNdKhj+RA==",
      "license": "Apache-2.0",
      "bin": {
        "zx": "build/cli.js"
      },
      "engines": {
        "node": ">= 12.17.0"
      }
    }
  }
}
